PODS:
  - app_links (6.4.1):
    - Flutter
  - AppAuth (1.7.6):
    - AppAuth/Core (= 1.7.6)
    - AppAuth/ExternalUserAgent (= 1.7.6)
  - AppAuth/Core (1.7.6)
  - AppAuth/ExternalUserAgent (1.7.6):
    - AppAuth/Core
  - AppCheckCore (11.2.0):
    - GoogleUtilities/Environment (~> 8.0)
    - GoogleUtilities/UserDefaults (~> 8.0)
    - PromisesObjC (~> 2.4)
  - AppMetricaAdSupport (5.12.1):
    - AppMetricaCore (= 5.12.1)
    - AppMetricaCoreExtension (= 5.12.1)
  - AppMetricaCore (5.12.1):
    - AppMetricaCoreUtils (= 5.12.1)
    - AppMetricaEncodingUtils (= 5.12.1)
    - AppMetricaFMDB (= 5.12.1)
    - AppMetricaHostState (= 5.12.1)
    - AppMetricaIdentifiers (= 5.12.1)
    - AppMetricaKeychain (= 5.12.1)
    - AppMetricaLog (= 5.12.1)
    - AppMetricaNetwork (= 5.12.1)
    - AppMetricaPlatform (= 5.12.1)
    - AppMetricaProtobuf (= 5.12.1)
    - AppMetricaProtobufUtils (= 5.12.1)
    - AppMetricaStorageUtils (= 5.12.1)
  - AppMetricaCoreExtension (5.12.1):
    - AppMetricaCore (= 5.12.1)
    - AppMetricaStorageUtils (= 5.12.1)
  - AppMetricaCoreUtils (5.12.1):
    - AppMetricaLog (= 5.12.1)
  - AppMetricaCrashes (5.12.1):
    - AppMetricaCore (= 5.12.1)
    - AppMetricaCoreExtension (= 5.12.1)
    - AppMetricaCoreUtils (= 5.12.1)
    - AppMetricaEncodingUtils (= 5.12.1)
    - AppMetricaHostState (= 5.12.1)
    - AppMetricaLog (= 5.12.1)
    - AppMetricaPlatform (= 5.12.1)
    - AppMetricaProtobufUtils (= 5.12.1)
    - AppMetricaStorageUtils (= 5.12.1)
    - KSCrash/Recording (< 2.2.0, >= 2.1.0)
  - AppMetricaEncodingUtils (5.12.1):
    - AppMetricaCoreUtils (= 5.12.1)
    - AppMetricaLog (= 5.12.1)
    - AppMetricaPlatform (= 5.12.1)
  - AppMetricaFMDB (5.12.1)
  - AppMetricaHostState (5.12.1):
    - AppMetricaCoreUtils (= 5.12.1)
    - AppMetricaLog (= 5.12.1)
  - AppMetricaIdentifiers (5.12.1):
    - AppMetricaKeychain (= 5.12.1)
    - AppMetricaLogSwift (= 5.12.1)
    - AppMetricaPlatform (= 5.12.1)
    - AppMetricaStorageUtils (= 5.12.1)
    - AppMetricaSynchronization (= 5.12.1)
  - AppMetricaKeychain (5.12.1):
    - AppMetricaCoreUtils (= 5.12.1)
    - AppMetricaLog (= 5.12.1)
    - AppMetricaStorageUtils (= 5.12.1)
  - AppMetricaLibraryAdapter (5.12.1):
    - AppMetricaCore (= 5.12.1)
    - AppMetricaCoreExtension (= 5.12.1)
  - AppMetricaLog (5.12.1)
  - AppMetricaLogSwift (5.12.1):
    - AppMetricaLog (= 5.12.1)
  - AppMetricaNetwork (5.12.1):
    - AppMetricaCoreUtils (= 5.12.1)
    - AppMetricaLog (= 5.12.1)
    - AppMetricaPlatform (= 5.12.1)
  - AppMetricaPlatform (5.12.1):
    - AppMetricaCoreUtils (= 5.12.1)
    - AppMetricaLog (= 5.12.1)
  - AppMetricaProtobuf (5.12.1)
  - AppMetricaProtobufUtils (5.12.1):
    - AppMetricaProtobuf (= 5.12.1)
  - AppMetricaStorageUtils (5.12.1):
    - AppMetricaCoreUtils (= 5.12.1)
    - AppMetricaLog (= 5.12.1)
  - AppMetricaSynchronization (5.12.1):
    - AppMetricaLogSwift (= 5.12.1)
  - DivKit (32.17.0):
    - DivKit_LayoutKit (= 32.17.0)
    - DivKit_Serialization (= 32.17.0)
    - VGSL (~> 7.7)
  - DivKit_LayoutKit (32.17.0):
    - DivKit_LayoutKitInterface (= 32.17.0)
    - VGSL (~> 7.7)
  - DivKit_LayoutKitInterface (32.17.0):
    - VGSL (~> 7.7)
  - DivKit_Serialization (32.17.0):
    - VGSL (~> 7.7)
  - DivKitBinaryCompatibilityFacade (5.1.1):
    - DivKit (~> 32.9)
  - Firebase/Auth (12.2.0):
    - Firebase/CoreOnly
    - FirebaseAuth (~> 12.2.0)
  - Firebase/CoreOnly (12.2.0):
    - FirebaseCore (~> 12.2.0)
  - firebase_auth (6.0.2):
    - Firebase/Auth (= 12.2.0)
    - firebase_core
    - Flutter
  - firebase_core (4.1.0):
    - Firebase/CoreOnly (= 12.2.0)
    - Flutter
  - FirebaseAppCheckInterop (12.2.0)
  - FirebaseAuth (12.2.0):
    - FirebaseAppCheckInterop (~> 12.2.0)
    - FirebaseAuthInterop (~> 12.2.0)
    - FirebaseCore (~> 12.2.0)
    - FirebaseCoreExtension (~> 12.2.0)
    - GoogleUtilities/AppDelegateSwizzler (~> 8.1)
    - GoogleUtilities/Environment (~> 8.1)
    - GTMSessionFetcher/Core (< 6.0, >= 3.4)
    - RecaptchaInterop (~> 101.0)
  - FirebaseAuthInterop (12.2.0)
  - FirebaseCore (12.2.0):
    - FirebaseCoreInternal (~> 12.2.0)
    - GoogleUtilities/Environment (~> 8.1)
    - GoogleUtilities/Logger (~> 8.1)
  - FirebaseCoreExtension (12.2.0):
    - FirebaseCore (~> 12.2.0)
  - FirebaseCoreInternal (12.2.0):
    - "GoogleUtilities/NSData+zlib (~> 8.1)"
  - Flutter (1.0.0)
  - google_sign_in_ios (0.0.1):
    - AppAuth (>= 1.7.4)
    - Flutter
    - FlutterMacOS
    - GoogleSignIn (~> 8.0)
    - GTMSessionFetcher (>= 3.4.0)
  - GoogleSignIn (8.0.0):
    - AppAuth (< 2.0, >= 1.7.3)
    - AppCheckCore (~> 11.0)
    - GTMAppAuth (< 5.0, >= 4.1.1)
    - GTMSessionFetcher/Core (~> 3.3)
  - GoogleUtilities/AppDelegateSwizzler (8.1.0):
    - GoogleUtilities/Environment
    - GoogleUtilities/Logger
    - GoogleUtilities/Network
    - GoogleUtilities/Privacy
  - GoogleUtilities/Environment (8.1.0):
    - GoogleUtilities/Privacy
  - GoogleUtilities/Logger (8.1.0):
    - GoogleUtilities/Environment
    - GoogleUtilities/Privacy
  - GoogleUtilities/Network (8.1.0):
    - GoogleUtilities/Logger
    - "GoogleUtilities/NSData+zlib"
    - GoogleUtilities/Privacy
    - GoogleUtilities/Reachability
  - "GoogleUtilities/NSData+zlib (8.1.0)":
    - GoogleUtilities/Privacy
  - GoogleUtilities/Privacy (8.1.0)
  - GoogleUtilities/Reachability (8.1.0):
    - GoogleUtilities/Logger
    - GoogleUtilities/Privacy
  - GoogleUtilities/UserDefaults (8.1.0):
    - GoogleUtilities/Logger
    - GoogleUtilities/Privacy
  - GTMAppAuth (4.1.1):
    - AppAuth/Core (~> 1.7)
    - GTMSessionFetcher/Core (< 4.0, >= 3.3)
  - GTMSessionFetcher (3.5.0):
    - GTMSessionFetcher/Full (= 3.5.0)
  - GTMSessionFetcher/Core (3.5.0)
  - GTMSessionFetcher/Full (3.5.0):
    - GTMSessionFetcher/Core
  - image_picker_ios (0.0.1):
    - Flutter
  - KSCrash/Core (2.1.2)
  - KSCrash/Recording (2.1.2):
    - KSCrash/RecordingCore
  - KSCrash/RecordingCore (2.1.2):
    - KSCrash/Core
  - path_provider_foundation (0.0.1):
    - Flutter
    - FlutterMacOS
  - PromisesObjC (2.4.0)
  - RecaptchaInterop (101.0.0)
  - shared_preferences_foundation (0.0.1):
    - Flutter
    - FlutterMacOS
  - url_launcher_ios (0.0.1):
    - Flutter
  - VGSL (7.9.2):
    - VGSLFundamentals (= 7.9.2)
    - VGSLNetworking (= 7.9.2)
    - VGSLUI (= 7.9.2)
  - VGSLFundamentals (7.9.2)
  - VGSLNetworking (7.9.2):
    - VGSLFundamentals (= 7.9.2)
    - VGSLUI (= 7.9.2)
  - VGSLUI (7.9.2):
    - VGSLFundamentals (= 7.9.2)
  - yandex_mobileads (7.16.0):
    - Flutter
    - YandexMobileAds (~> 7.16.0)
  - YandexMobileAds (7.16.0):
    - AppMetricaAdSupport (~> 5.12.1)
    - AppMetricaCore (~> 5.12.1)
    - AppMetricaCrashes (~> 5.12.1)
    - AppMetricaLibraryAdapter (~> 5.12.1)
    - DivKitBinaryCompatibilityFacade (~> 5.1.1)

DEPENDENCIES:
  - app_links (from `.symlinks/plugins/app_links/ios`)
  - firebase_auth (from `.symlinks/plugins/firebase_auth/ios`)
  - firebase_core (from `.symlinks/plugins/firebase_core/ios`)
  - Flutter (from `Flutter`)
  - google_sign_in_ios (from `.symlinks/plugins/google_sign_in_ios/darwin`)
  - image_picker_ios (from `.symlinks/plugins/image_picker_ios/ios`)
  - path_provider_foundation (from `.symlinks/plugins/path_provider_foundation/darwin`)
  - shared_preferences_foundation (from `.symlinks/plugins/shared_preferences_foundation/darwin`)
  - url_launcher_ios (from `.symlinks/plugins/url_launcher_ios/ios`)
  - yandex_mobileads (from `.symlinks/plugins/yandex_mobileads/ios`)

SPEC REPOS:
  trunk:
    - AppAuth
    - AppCheckCore
    - AppMetricaAdSupport
    - AppMetricaCore
    - AppMetricaCoreExtension
    - AppMetricaCoreUtils
    - AppMetricaCrashes
    - AppMetricaEncodingUtils
    - AppMetricaFMDB
    - AppMetricaHostState
    - AppMetricaIdentifiers
    - AppMetricaKeychain
    - AppMetricaLibraryAdapter
    - AppMetricaLog
    - AppMetricaLogSwift
    - AppMetricaNetwork
    - AppMetricaPlatform
    - AppMetricaProtobuf
    - AppMetricaProtobufUtils
    - AppMetricaStorageUtils
    - AppMetricaSynchronization
    - DivKit
    - DivKit_LayoutKit
    - DivKit_LayoutKitInterface
    - DivKit_Serialization
    - DivKitBinaryCompatibilityFacade
    - Firebase
    - FirebaseAppCheckInterop
    - FirebaseAuth
    - FirebaseAuthInterop
    - FirebaseCore
    - FirebaseCoreExtension
    - FirebaseCoreInternal
    - GoogleSignIn
    - GoogleUtilities
    - GTMAppAuth
    - GTMSessionFetcher
    - KSCrash
    - PromisesObjC
    - RecaptchaInterop
    - VGSL
    - VGSLFundamentals
    - VGSLNetworking
    - VGSLUI
    - YandexMobileAds

EXTERNAL SOURCES:
  app_links:
    :path: ".symlinks/plugins/app_links/ios"
  firebase_auth:
    :path: ".symlinks/plugins/firebase_auth/ios"
  firebase_core:
    :path: ".symlinks/plugins/firebase_core/ios"
  Flutter:
    :path: Flutter
  google_sign_in_ios:
    :path: ".symlinks/plugins/google_sign_in_ios/darwin"
  image_picker_ios:
    :path: ".symlinks/plugins/image_picker_ios/ios"
  path_provider_foundation:
    :path: ".symlinks/plugins/path_provider_foundation/darwin"
  shared_preferences_foundation:
    :path: ".symlinks/plugins/shared_preferences_foundation/darwin"
  url_launcher_ios:
    :path: ".symlinks/plugins/url_launcher_ios/ios"
  yandex_mobileads:
    :path: ".symlinks/plugins/yandex_mobileads/ios"

SPEC CHECKSUMS:
  app_links: 3dbc685f76b1693c66a6d9dd1e9ab6f73d97dc0a
  AppAuth: d4f13a8fe0baf391b2108511793e4b479691fb73
  AppCheckCore: cc8fd0a3a230ddd401f326489c99990b013f0c4f
  AppMetricaAdSupport: 26884bc5ec935a990b6bbfa938c854c0fdf1b248
  AppMetricaCore: 145ddc416db0a7eead339de9a5e1521863426a1b
  AppMetricaCoreExtension: 1fc4222eef017e25e8f89c5b02b8563179a40d13
  AppMetricaCoreUtils: 9e23195da2dc2d76404ac49592e05f1dd276d1e8
  AppMetricaCrashes: 41d7e00fc2da7ca9c8de670546d65635c81ff821
  AppMetricaEncodingUtils: 02f48c8d45b7883c4e2a85d49ec3a66a39fd4f6d
  AppMetricaFMDB: 482767dda08c9cec7c8d115d423aacb6b21e9e89
  AppMetricaHostState: 447bc4c02107b3531ae77fc91ea200ddc32bb029
  AppMetricaIdentifiers: 1c34f28d8650c4c5c931643ac8779f431e809c9f
  AppMetricaKeychain: 76f4afe269b233c1a2493350712d24c4d18858b8
  AppMetricaLibraryAdapter: f9a428c799b5d979bf8f1fc524e58a7a3d81026c
  AppMetricaLog: 84a50f144c83a7de66778dfa990db0ac1d60e10c
  AppMetricaLogSwift: 3ca89a024f3c8c7b09f4b2ce89a6e7ce65b3b7d6
  AppMetricaNetwork: e8ba646d4408e2b62e272f8b49c66ffda103bfbd
  AppMetricaPlatform: 543e24bd127eb94c14a708770980f9203e9403b4
  AppMetricaProtobuf: 437a155c3ea82c7fc9a5f8ff5037c513a2287225
  AppMetricaProtobufUtils: f8bf3222d88f466363a657dd14b575af16327d81
  AppMetricaStorageUtils: e10b5fbf8c8d9125ad200a360c9e95e53c7a0f3c
  AppMetricaSynchronization: 3c019f1c791e11f80de51cacda4b2ed4b20935a8
  DivKit: 29a4b2481ad392009765d0ab101c771ddd6e3ea0
  DivKit_LayoutKit: 007971524c718a4686d0690365b11692cffb3b5b
  DivKit_LayoutKitInterface: e2615c9526fdeaeaa172c9c94edabdd0a22c4218
  DivKit_Serialization: fa03e0a08b57a557a4ebe7c781d3711d70dc0a8c
  DivKitBinaryCompatibilityFacade: 8103b21401698fb470302328f70b16ab26c4cd49
  Firebase: 26f6f8d460603af3df970ad505b16b15f5e2e9a1
  firebase_auth: 9c0ce237c3bdc34c85fec8b87575beda143adba0
  firebase_core: 3ff52146406557dddd01d570e807e203ec7e1302
  FirebaseAppCheckInterop: a1b2598c64c5a8c42fd6f6a1c3d0938ae4324678
  FirebaseAuth: 059c11702bdb759bb49b6c7ec6ff67abf21f39c4
  FirebaseAuthInterop: 217702acd4cc6baa98ba9d6c054532e0de0b8a16
  FirebaseCore: 311c48a147ad4a0ab7febbaed89e8025c67510cd
  FirebaseCoreExtension: 73af080c22a2f7b44cefa391dc08f7e4ee162cb5
  FirebaseCoreInternal: 56ea29f3dad2894f81b060f706f9d53509b6ed3b
  Flutter: e0871f40cf51350855a761d2e70bf5af5b9b5de7
  google_sign_in_ios: b48bb9af78576358a168361173155596c845f0b9
  GoogleSignIn: ce8c89bb9b37fb624b92e7514cc67335d1e277e4
  GoogleUtilities: 00c88b9a86066ef77f0da2fab05f65d7768ed8e1
  GTMAppAuth: f69bd07d68cd3b766125f7e072c45d7340dea0de
  GTMSessionFetcher: 5aea5ba6bd522a239e236100971f10cb71b96ab6
  image_picker_ios: 7fe1ff8e34c1790d6fff70a32484959f563a928a
  KSCrash: bd950ede6c40a50bfc9f246c38a7f3408705fa3c
  path_provider_foundation: 080d55be775b7414fd5a5ef3ac137b97b097e564
  PromisesObjC: f5707f49cb48b9636751c5b2e7d227e43fba9f47
  RecaptchaInterop: 11e0b637842dfb48308d242afc3f448062325aba
  shared_preferences_foundation: 9e1978ff2562383bd5676f64ec4e9aa8fa06a6f7
  url_launcher_ios: 694010445543906933d732453a59da0a173ae33d
  VGSL: cb706f55602d4b7849b62f4bef5cb4446a704e68
  VGSLFundamentals: 6d841efd7f661e6f2c28ee00b746ccbb79cd9edc
  VGSLNetworking: 73414dd21c1d8f665bf01e725e42a59b53a8fd90
  VGSLUI: fa73227854aab89f844416d7ef49356921d955e2
  yandex_mobileads: ba1f4ca9edc07a66eaf2ae4bddc2318df8387736
  YandexMobileAds: 24155c0f56d3c80d3205127d2913e9956e5baf6d

PODFILE CHECKSUM: c0915517eae1a513480956f02c7781054ca94770

COCOAPODS: 1.16.2
